
Microsoft Visual Studio Solution File, Format Version 12.00
# Visual Studio 15
VisualStudioVersion = 15.0.27004.2009
MinimumVisualStudioVersion = 10.0.40219.1
Project("{FAE04EC0-301F-11D3-BF4B-00C04F79EFBC}") = "EasyEarnings", "EasyEarnings\EasyEarnings.csproj", "{FE303087-E11A-4536-BB1C-F6E3DA7DEF3C}"
EndProject
Project("{FAE04EC0-301F-11D3-BF4B-00C04F79EFBC}") = "EasyEarnings.Models", "EasyEarnings.Models\EasyEarnings.Models.csproj", "{6F9C3F52-D02C-4E99-8670-AAA8B85A2B78}"
EndProject
Project("{FAE04EC0-301F-11D3-BF4B-00C04F79EFBC}") = "EasyEarnings.Contracts", "EasyEarnings.Contracts\EasyEarnings.Contracts.csproj", "{072396BC-B737-403E-82F3-2678488827B6}"
EndProject
Project("{FAE04EC0-301F-11D3-BF4B-00C04F79EFBC}") = "EasyEarnings.DataAccess", "EasyEarnings.DataAccess\EasyEarnings.DataAccess.csproj", "{F963DD29-5A78-4FE7-BAD3-A614983C2A3B}"
EndProject
Global
	GlobalSection(SolutionConfigurationPlatforms) = preSolution
		Debug|Any CPU = Debug|Any CPU
		Release|Any CPU = Release|Any CPU
	EndGlobalSection
	GlobalSection(ProjectConfigurationPlatforms) = postSolution
		{FE303087-E11A-4536-BB1C-F6E3DA7DEF3C}.Debug|Any CPU.ActiveCfg = Debug|Any CPU
		{FE303087-E11A-4536-BB1C-F6E3DA7DEF3C}.Debug|Any CPU.Build.0 = Debug|Any CPU
		{FE303087-E11A-4536-BB1C-F6E3DA7DEF3C}.Release|Any CPU.ActiveCfg = Release|Any CPU
		{FE303087-E11A-4536-BB1C-F6E3DA7DEF3C}.Release|Any CPU.Build.0 = Release|Any CPU
		{6F9C3F52-D02C-4E99-8670-AAA8B85A2B78}.Debug|Any CPU.ActiveCfg = Debug|Any CPU
		{6F9C3F52-D02C-4E99-8670-AAA8B85A2B78}.Debug|Any CPU.Build.0 = Debug|Any CPU
		{6F9C3F52-D02C-4E99-8670-AAA8B85A2B78}.Release|Any CPU.ActiveCfg = Release|Any CPU
		{6F9C3F52-D02C-4E99-8670-AAA8B85A2B78}.Release|Any CPU.Build.0 = Release|Any CPU
		{072396BC-B737-403E-82F3-2678488827B6}.Debug|Any CPU.ActiveCfg = Debug|Any CPU
		{072396BC-B737-403E-82F3-2678488827B6}.Debug|Any CPU.Build.0 = Debug|Any CPU
		{072396BC-B737-403E-82F3-2678488827B6}.Release|Any CPU.ActiveCfg = Release|Any CPU
		{072396BC-B737-403E-82F3-2678488827B6}.Release|Any CPU.Build.0 = Release|Any CPU
		{F963DD29-5A78-4FE7-BAD3-A614983C2A3B}.Debug|Any CPU.ActiveCfg = Debug|Any CPU
		{F963DD29-5A78-4FE7-BAD3-A614983C2A3B}.Debug|Any CPU.Build.0 = Debug|Any CPU
		{F963DD29-5A78-4FE7-BAD3-A614983C2A3B}.Release|Any CPU.ActiveCfg = Release|Any CPU
		{F963DD29-5A78-4FE7-BAD3-A614983C2A3B}.Release|Any CPU.Build.0 = Release|Any CPU
	EndGlobalSection
	GlobalSection(SolutionProperties) = preSolution
		HideSolutionNode = FALSE
	EndGlobalSection
	GlobalSection(ExtensibilityGlobals) = postSolution
		SolutionGuid = {DEC90E1D-FC04-4B89-9FA2-3D88328178CD}
	EndGlobalSection
EndGlobal
